
Microsoft Visual Studio Solution File, Format Version 12.00
# Visual Studio Version 17
VisualStudioVersion = 17.7.34202.233
MinimumVisualStudioVersion = 10.0.40219.1
Project("{9A19103F-16F7-4668-BE54-9A1E7A4F7556}") = "RecipeApp_API", "RecipeApp_API102\RecipeApp_API.csproj", "{9E87FFA6-DAF9-4057-BF0E-1CD1B2340264}"
EndProject
Global
	GlobalSection(SolutionConfigurationPlatforms) = preSolution
		Debug|Any CPU = Debug|Any CPU
		Release|Any CPU = Release|Any CPU
	EndGlobalSection
	GlobalSection(ProjectConfigurationPlatforms) = postSolution
		{9E87FFA6-DAF9-4057-BF0E-1CD1B2340264}.Debug|Any CPU.ActiveCfg = Debug|Any CPU
		{9E87FFA6-DAF9-4057-BF0E-1CD1B2340264}.Debug|Any CPU.Build.0 = Debug|Any CPU
		{9E87FFA6-DAF9-4057-BF0E-1CD1B2340264}.Release|Any CPU.ActiveCfg = Release|Any CPU
		{9E87FFA6-DAF9-4057-BF0E-1CD1B2340264}.Release|Any CPU.Build.0 = Release|Any CPU
	EndGlobalSection
	GlobalSection(SolutionProperties) = preSolution
		HideSolutionNode = FALSE
	EndGlobalSection
	GlobalSection(ExtensibilityGlobals) = postSolution
		SolutionGuid = {8E396D28-9405-4FDB-941E-F9926B25AB91}
	EndGlobalSection
EndGlobal
